// !$*UTF8*$!
{
	archiveVersion = 1;
	classes = {
	};
	objectVersion = 56;
	objects = {

/* Begin PBXBuildFile section */
		7D6617BF2BA166DE00D9133E /* SwiftfulFirebaseApp.swift in Sources */ = {isa = PBXBuildFile; fileRef = 7D6617BE2BA166DE00D9133E /* SwiftfulFirebaseApp.swift */; };
		7D6617C12BA166DE00D9133E /* ContentView.swift in Sources */ = {isa = PBXBuildFile; fileRef = 7D6617C02BA166DE00D9133E /* ContentView.swift */; };
		7D6617C32BA166E000D9133E /* Assets.xcassets in Resources */ = {isa = PBXBuildFile; fileRef = 7D6617C22BA166E000D9133E /* Assets.xcassets */; };
		7D6617C62BA166E000D9133E /* Preview Assets.xcassets in Resources */ = {isa = PBXBuildFile; fileRef = 7D6617C52BA166E000D9133E /* Preview Assets.xcassets */; };
		7D6617CD2BA168CE00D9133E /* GoogleService-Info.plist in Resources */ = {isa = PBXBuildFile; fileRef = 7D6617CC2BA168CE00D9133E /* GoogleService-Info.plist */; };
		7D6617D02BA169A900D9133E /* FirebaseAnalytics in Frameworks */ = {isa = PBXBuildFile; productRef = 7D6617CF2BA169A900D9133E /* FirebaseAnalytics */; };
		7D6617D22BA169A900D9133E /* FirebaseAnalyticsSwift in Frameworks */ = {isa = PBXBuildFile; productRef = 7D6617D12BA169A900D9133E /* FirebaseAnalyticsSwift */; };
		7D6617D52BA1783500D9133E /* AuthenticationView.swift in Sources */ = {isa = PBXBuildFile; fileRef = 7D6617D42BA1783500D9133E /* AuthenticationView.swift */; };
		7D6617D72BA17C7400D9133E /* SignInEmailView.swift in Sources */ = {isa = PBXBuildFile; fileRef = 7D6617D62BA17C7400D9133E /* SignInEmailView.swift */; };
/* End PBXBuildFile section */

/* Begin PBXFileReference section */
		7D6617BB2BA166DE00D9133E /* SwiftfulFirebase.app */ = {isa = PBXFileReference; explicitFileType = wrapper.application; includeInIndex = 0; path = SwiftfulFirebase.app; sourceTree = BUILT_PRODUCTS_DIR; };
		7D6617BE2BA166DE00D9133E /* SwiftfulFirebaseApp.swift */ = {isa = PBXFileReference; lastKnownFileType = sourcecode.swift; path = SwiftfulFirebaseApp.swift; sourceTree = "<group>"; };
		7D6617C02BA166DE00D9133E /* ContentView.swift */ = {isa = PBXFileReference; lastKnownFileType = sourcecode.swift; path = ContentView.swift; sourceTree = "<group>"; };
		7D6617C22BA166E000D9133E /* Assets.xcassets */ = {isa = PBXFileReference; lastKnownFileType = folder.assetcatalog; path = Assets.xcassets; sourceTree = "<group>"; };
		7D6617C52BA166E000D9133E /* Preview Assets.xcassets */ = {isa = PBXFileReference; lastKnownFileType = folder.assetcatalog; path = "Preview Assets.xcassets"; sourceTree = "<group>"; };
		7D6617CC2BA168CE00D9133E /* GoogleService-Info.plist */ = {isa = PBXFileReference; fileEncoding = 4; lastKnownFileType = text.plist.xml; path = "GoogleService-Info.plist"; sourceTree = "<group>"; };
		7D6617D42BA1783500D9133E /* AuthenticationView.swift */ = {isa = PBXFileReference; lastKnownFileType = sourcecode.swift; path = AuthenticationView.swift; sourceTree = "<group>"; };
		7D6617D62BA17C7400D9133E /* SignInEmailView.swift */ = {isa = PBXFileReference; lastKnownFileType = sourcecode.swift; path = SignInEmailView.swift; sourceTree = "<group>"; };
/* End PBXFileReference section */

/* Begin PBXFrameworksBuildPhase section */
		7D6617B82BA166DE00D9133E /* Frameworks */ = {
			isa = PBXFrameworksBuildPhase;
			buildActionMask = 2147483647;
			files = (
				7D6617D22BA169A900D9133E /* FirebaseAnalyticsSwift in Frameworks */,
				7D6617D02BA169A900D9133E /* FirebaseAnalytics in Frameworks */,
			);
			runOnlyForDeploymentPostprocessing = 0;
		};
/* End PBXFrameworksBuildPhase section */

/* Begin PBXGroup section */
		7D6617B22BA166DE00D9133E = {
			isa = PBXGroup;
			children = (
				7D6617BD2BA166DE00D9133E /* SwiftfulFirebase */,
				7D6617BC2BA166DE00D9133E /* Products */,
			);
			sourceTree = "<group>";
		};
		7D6617BC2BA166DE00D9133E /* Products */ = {
			isa = PBXGroup;
			children = (
				7D6617BB2BA166DE00D9133E /* SwiftfulFirebase.app */,
			);
			name = Products;
			sourceTree = "<group>";
		};
		7D6617BD2BA166DE00D9133E /* SwiftfulFirebase */ = {
			isa = PBXGroup;
			children = (
				7D6617D32BA1781A00D9133E /* Authentication */,
				7D6617BE2BA166DE00D9133E /* SwiftfulFirebaseApp.swift */,
				7D6617C02BA166DE00D9133E /* ContentView.swift */,
				7D6617CC2BA168CE00D9133E /* GoogleService-Info.plist */,
				7D6617C22BA166E000D9133E /* Assets.xcassets */,
				7D6617C42BA166E000D9133E /* Preview Content */,
			);
			path = SwiftfulFirebase;
			sourceTree = "<group>";
		};
		7D6617C42BA166E000D9133E /* Preview Content */ = {
			isa = PBXGroup;
			children = (
				7D6617C52BA166E000D9133E /* Preview Assets.xcassets */,
			);
			path = "Preview Content";
			sourceTree = "<group>";
		};
		7D6617D32BA1781A00D9133E /* Authentication */ = {
			isa = PBXGroup;
			children = (
				7D6617D42BA1783500D9133E /* AuthenticationView.swift */,
				7D6617D62BA17C7400D9133E /* SignInEmailView.swift */,
			);
			path = Authentication;
			sourceTree = "<group>";
		};
/* End PBXGroup section */

/* Begin PBXNativeTarget section */
		7D6617BA2BA166DE00D9133E /* SwiftfulFirebase */ = {
			isa = PBXNativeTarget;
			buildConfigurationList = 7D6617C92BA166E000D9133E /* Build configuration list for PBXNativeTarget "SwiftfulFirebase" */;
			buildPhases = (
				7D6617B72BA166DE00D9133E /* Sources */,
				7D6617B82BA166DE00D9133E /* Frameworks */,
				7D6617B92BA166DE00D9133E /* Resources */,
			);
			buildRules = (
			);
			dependencies = (
			);
			name = SwiftfulFirebase;
			packageProductDependencies = (
				7D6617CF2BA169A900D9133E /* FirebaseAnalytics */,
				7D6617D12BA169A900D9133E /* FirebaseAnalyticsSwift */,
			);
			productName = SwiftfulFirebase;
			productReference = 7D6617BB2BA166DE00D9133E /* SwiftfulFirebase.app */;
			productType = "com.apple.product-type.application";
		};
/* End PBXNativeTarget section */

/* Begin PBXProject section */
		7D6617B32BA166DE00D9133E /* Project object */ = {
			isa = PBXProject;
			attributes = {
				BuildIndependentTargetsInParallel = 1;
				LastSwiftUpdateCheck = 1530;
				LastUpgradeCheck = 1530;
				TargetAttributes = {
					7D6617BA2BA166DE00D9133E = {
						CreatedOnToolsVersion = 15.3;
					};
				};
			};
			buildConfigurationList = 7D6617B62BA166DE00D9133E /* Build configuration list for PBXProject "SwiftfulFirebase" */;
			compatibilityVersion = "Xcode 14.0";
			developmentRegion = en;
			hasScannedForEncodings = 0;
			knownRegions = (
				en,
				Base,
			);
			mainGroup = 7D6617B22BA166DE00D9133E;
			packageReferences = (
				7D6617CE2BA169A900D9133E /* XCRemoteSwiftPackageReference "firebase-ios-sdk" */,
			);
			productRefGroup = 7D6617BC2BA166DE00D9133E /* Products */;
			projectDirPath = "";
			projectRoot = "";
			targets = (
				7D6617BA2BA166DE00D9133E /* SwiftfulFirebase */,
			);
		};
/* End PBXProject section */

/* Begin PBXResourcesBuildPhase section */
		7D6617B92BA166DE00D9133E /* Resources */ = {
			isa = PBXResourcesBuildPhase;
			buildActionMask = 2147483647;
			files = (
				7D6617C62BA166E000D9133E /* Preview Assets.xcassets in Resources */,
				7D6617C32BA166E000D9133E /* Assets.xcassets in Resources */,
				7D6617CD2BA168CE00D9133E /* GoogleService-Info.plist in Resources */,
			);
			runOnlyForDeploymentPostprocessing = 0;
		};
/* End PBXResourcesBuildPhase section */

/* Begin PBXSourcesBuildPhase section */
		7D6617B72BA166DE00D9133E /* Sources */ = {
			isa = PBXSourcesBuildPhase;
			buildActionMask = 2147483647;
			files = (
				7D6617C12BA166DE00D9133E /* ContentView.swift in Sources */,
				7D6617BF2BA166DE00D9133E /* SwiftfulFirebaseApp.swift in Sources */,
				7D6617D52BA1783500D9133E /* AuthenticationView.swift in Sources */,
				7D6617D72BA17C7400D9133E /* SignInEmailView.swift in Sources */,
			);
			runOnlyForDeploymentPostprocessing = 0;
		};
/* End PBXSourcesBuildPhase section */

/* Begin XCBuildConfiguration section */
		7D6617C72BA166E000D9133E /* Debug */ = {
			isa = XCBuildConfiguration;
			buildSettings = {
				ALWAYS_SEARCH_USER_PATHS = NO;
				ASSETCATALOG_COMPILER_GENERATE_SWIFT_ASSET_SYMBOL_EXTENSIONS = YES;
				CLANG_ANALYZER_NONNULL = YES;
				CLANG_ANALYZER_NUMBER_OBJECT_CONVERSION = YES_AGGRESSIVE;
				CLANG_CXX_LANGUAGE_STANDARD = "gnu++20";
				CLANG_ENABLE_MODULES = YES;
				CLANG_ENABLE_OBJC_ARC = YES;
				CLANG_ENABLE_OBJC_WEAK = YES;
				CLANG_WARN_BLOCK_CAPTURE_AUTORELEASING = YES;
				CLANG_WARN_BOOL_CONVERSION = YES;
				CLANG_WARN_COMMA = YES;
				CLANG_WARN_CONSTANT_CONVERSION = YES;
				CLANG_WARN_DEPRECATED_OBJC_IMPLEMENTATIONS = YES;
				CLANG_WARN_DIRECT_OBJC_ISA_USAGE = YES_ERROR;
				CLANG_WARN_DOCUMENTATION_COMMENTS = YES;
				CLANG_WARN_EMPTY_BODY = YES;
				CLANG_WARN_ENUM_CONVERSION = YES;
				CLANG_WARN_INFINITE_RECURSION = YES;
				CLANG_WARN_INT_CONVERSION = YES;
				CLANG_WARN_NON_LITERAL_NULL_CONVERSION = YES;
				CLANG_WARN_OBJC_IMPLICIT_RETAIN_SELF = YES;
				CLANG_WARN_OBJC_LITERAL_CONVERSION = YES;
				CLANG_WARN_OBJC_ROOT_CLASS = YES_ERROR;
				CLANG_WARN_QUOTED_INCLUDE_IN_FRAMEWORK_HEADER = YES;
				CLANG_WARN_RANGE_LOOP_ANALYSIS = YES;
				CLANG_WARN_STRICT_PROTOTYPES = YES;
				CLANG_WARN_SUSPICIOUS_MOVE = YES;
				CLANG_WARN_UNGUARDED_AVAILABILITY = YES_AGGRESSIVE;
				CLANG_WARN_UNREACHABLE_CODE = YES;
				CLANG_WARN__DUPLICATE_METHOD_MATCH = YES;
				COPY_PHASE_STRIP = NO;
				DEBUG_INFORMATION_FORMAT = dwarf;
				ENABLE_STRICT_OBJC_MSGSEND = YES;
				ENABLE_TESTABILITY = YES;
				ENABLE_USER_SCRIPT_SANDBOXING = YES;
				GCC_C_LANGUAGE_STANDARD = gnu17;
				GCC_DYNAMIC_NO_PIC = NO;
				GCC_NO_COMMON_BLOCKS = YES;
				GCC_OPTIMIZATION_LEVEL = 0;
				GCC_PREPROCESSOR_DEFINITIONS = (
					"DEBUG=1",
					"$(inherited)",
				);
				GCC_WARN_64_TO_32_BIT_CONVERSION = YES;
				GCC_WARN_ABOUT_RETURN_TYPE = YES_ERROR;
				GCC_WARN_UNDECLARED_SELECTOR = YES;
				GCC_WARN_UNINITIALIZED_AUTOS = YES_AGGRESSIVE;
				GCC_WARN_UNUSED_FUNCTION = YES;
				GCC_WARN_UNUSED_VARIABLE = YES;
				IPHONEOS_DEPLOYMENT_TARGET = 17.4;
				LOCALIZATION_PREFERS_STRING_CATALOGS = YES;
				MTL_ENABLE_DEBUG_INFO = INCLUDE_SOURCE;
				MTL_FAST_MATH = YES;
				ONLY_ACTIVE_ARCH = YES;
				SDKROOT = iphoneos;
				SWIFT_ACTIVE_COMPILATION_CONDITIONS = "DEBUG $(inherited)";
				SWIFT_OPTIMIZATION_LEVEL = "-Onone";
			};
			name = Debug;
		};
		7D6617C82BA166E000D9133E /* Release */ = {
			isa = XCBuildConfiguration;
			buildSettings = {
				ALWAYS_SEARCH_USER_PATHS = NO;
				ASSETCATALOG_COMPILER_GENERATE_SWIFT_ASSET_SYMBOL_EXTENSIONS = YES;
				CLANG_ANALYZER_NONNULL = YES;
				CLANG_ANALYZER_NUMBER_OBJECT_CONVERSION = YES_AGGRESSIVE;
				CLANG_CXX_LANGUAGE_STANDARD = "gnu++20";
				CLANG_ENABLE_MODULES = YES;
				CLANG_ENABLE_OBJC_ARC = YES;
				CLANG_ENABLE_OBJC_WEAK = YES;
				CLANG_WARN_BLOCK_CAPTURE_AUTORELEASING = YES;
				CLANG_WARN_BOOL_CONVERSION = YES;
				CLANG_WARN_COMMA = YES;
				CLANG_WARN_CONSTANT_CONVERSION = YES;
				CLANG_WARN_DEPRECATED_OBJC_IMPLEMENTATIONS = YES;
				CLANG_WARN_DIRECT_OBJC_ISA_USAGE = YES_ERROR;
				CLANG_WARN_DOCUMENTATION_COMMENTS = YES;
				CLANG_WARN_EMPTY_BODY = YES;
				CLANG_WARN_ENUM_CONVERSION = YES;
				CLANG_WARN_INFINITE_RECURSION = YES;
				CLANG_WARN_INT_CONVERSION = YES;
				CLANG_WARN_NON_LITERAL_NULL_CONVERSION = YES;
				CLANG_WARN_OBJC_IMPLICIT_RETAIN_SELF = YES;
				CLANG_WARN_OBJC_LITERAL_CONVERSION = YES;
				CLANG_WARN_OBJC_ROOT_CLASS = YES_ERROR;
				CLANG_WARN_QUOTED_INCLUDE_IN_FRAMEWORK_HEADER = YES;
				CLANG_WARN_RANGE_LOOP_ANALYSIS = YES;
				CLANG_WARN_STRICT_PROTOTYPES = YES;
				CLANG_WARN_SUSPICIOUS_MOVE = YES;
				CLANG_WARN_UNGUARDED_AVAILABILITY = YES_AGGRESSIVE;
				CLANG_WARN_UNREACHABLE_CODE = YES;
				CLANG_WARN__DUPLICATE_METHOD_MATCH = YES;
				COPY_PHASE_STRIP = NO;
				DEBUG_INFORMATION_FORMAT = "dwarf-with-dsym";
				ENABLE_NS_ASSERTIONS = NO;
				ENABLE_STRICT_OBJC_MSGSEND = YES;
				ENABLE_USER_SCRIPT_SANDBOXING = YES;
				GCC_C_LANGUAGE_STANDARD = gnu17;
				GCC_NO_COMMON_BLOCKS = YES;
				GCC_WARN_64_TO_32_BIT_CONVERSION = YES;
				GCC_WARN_ABOUT_RETURN_TYPE = YES_ERROR;
				GCC_WARN_UNDECLARED_SELECTOR = YES;
				GCC_WARN_UNINITIALIZED_AUTOS = YES_AGGRESSIVE;
				GCC_WARN_UNUSED_FUNCTION = YES;
				GCC_WARN_UNUSED_VARIABLE = YES;
				IPHONEOS_DEPLOYMENT_TARGET = 17.4;
				LOCALIZATION_PREFERS_STRING_CATALOGS = YES;
				MTL_ENABLE_DEBUG_INFO = NO;
				MTL_FAST_MATH = YES;
				SDKROOT = iphoneos;
				SWIFT_COMPILATION_MODE = wholemodule;
				VALIDATE_PRODUCT = YES;
			};
			name = Release;
		};
		7D6617CA2BA166E000D9133E /* Debug */ = {
			isa = XCBuildConfiguration;
			buildSettings = {
				ASSETCATALOG_COMPILER_APPICON_NAME = AppIcon;
				ASSETCATALOG_COMPILER_GLOBAL_ACCENT_COLOR_NAME = AccentColor;
				CODE_SIGN_STYLE = Automatic;
				CURRENT_PROJECT_VERSION = 1;
				DEVELOPMENT_ASSET_PATHS = "\"SwiftfulFirebase/Preview Content\"";
				DEVELOPMENT_TEAM = 695CM34MN8;
				ENABLE_PREVIEWS = YES;
				GENERATE_INFOPLIST_FILE = YES;
				INFOPLIST_KEY_LSApplicationCategoryType = "public.app-category.developer-tools";
				INFOPLIST_KEY_UIApplicationSceneManifest_Generation = YES;
				INFOPLIST_KEY_UIApplicationSupportsIndirectInputEvents = YES;
				INFOPLIST_KEY_UILaunchScreen_Generation = YES;
				INFOPLIST_KEY_UISupportedInterfaceOrientations_iPad = "UIInterfaceOrientationPortrait UIInterfaceOrientationPortraitUpsideDown UIInterfaceOrientationLandscapeLeft UIInterfaceOrientationLandscapeRight";
				INFOPLIST_KEY_UISupportedInterfaceOrientations_iPhone = "UIInterfaceOrientationPortrait UIInterfaceOrientationLandscapeLeft UIInterfaceOrientationLandscapeRight";
				LD_RUNPATH_SEARCH_PATHS = (
					"$(inherited)",
					"@executable_path/Frameworks",
				);
				MARKETING_VERSION = 1.0;
				PRODUCT_BUNDLE_IDENTIFIER = com.dilpreetsingh.SwiftfulFirebase;
				PRODUCT_NAME = "$(TARGET_NAME)";
				SWIFT_EMIT_LOC_STRINGS = YES;
				SWIFT_VERSION = 5.0;
				TARGETED_DEVICE_FAMILY = "1,2";
			};
			name = Debug;
		};
		7D6617CB2BA166E000D9133E /* Release */ = {
			isa = XCBuildConfiguration;
			buildSettings = {
				ASSETCATALOG_COMPILER_APPICON_NAME = AppIcon;
				ASSETCATALOG_COMPILER_GLOBAL_ACCENT_COLOR_NAME = AccentColor;
				CODE_SIGN_STYLE = Automatic;
				CURRENT_PROJECT_VERSION = 1;
				DEVELOPMENT_ASSET_PATHS = "\"SwiftfulFirebase/Preview Content\"";
				DEVELOPMENT_TEAM = 695CM34MN8;
				ENABLE_PREVIEWS = YES;
				GENERATE_INFOPLIST_FILE = YES;
				INFOPLIST_KEY_LSApplicationCategoryType = "public.app-category.developer-tools";
				INFOPLIST_KEY_UIApplicationSceneManifest_Generation = YES;
				INFOPLIST_KEY_UIApplicationSupportsIndirectInputEvents = YES;
				INFOPLIST_KEY_UILaunchScreen_Generation = YES;
				INFOPLIST_KEY_UISupportedInterfaceOrientations_iPad = "UIInterfaceOrientationPortrait UIInterfaceOrientationPortraitUpsideDown UIInterfaceOrientationLandscapeLeft UIInterfaceOrientationLandscapeRight";
				INFOPLIST_KEY_UISupportedInterfaceOrientations_iPhone = "UIInterfaceOrientationPortrait UIInterfaceOrientationLandscapeLeft UIInterfaceOrientationLandscapeRight";
				LD_RUNPATH_SEARCH_PATHS = (
					"$(inherited)",
					"@executable_path/Frameworks",
				);
				MARKETING_VERSION = 1.0;
				PRODUCT_BUNDLE_IDENTIFIER = com.dilpreetsingh.SwiftfulFirebase;
				PRODUCT_NAME = "$(TARGET_NAME)";
				SWIFT_EMIT_LOC_STRINGS = YES;
				SWIFT_VERSION = 5.0;
				TARGETED_DEVICE_FAMILY = "1,2";
			};
			name = Release;
		};
/* End XCBuildConfiguration section */

/* Begin XCConfigurationList section */
		7D6617B62BA166DE00D9133E /* Build configuration list for PBXProject "SwiftfulFirebase" */ = {
			isa = XCConfigurationList;
			buildConfigurations = (
				7D6617C72BA166E000D9133E /* Debug */,
				7D6617C82BA166E000D9133E /* Release */,
			);
			defaultConfigurationIsVisible = 0;
			defaultConfigurationName = Release;
		};
		7D6617C92BA166E000D9133E /* Build configuration list for PBXNativeTarget "SwiftfulFirebase" */ = {
			isa = XCConfigurationList;
			buildConfigurations = (
				7D6617CA2BA166E000D9133E /* Debug */,
				7D6617CB2BA166E000D9133E /* Release */,
			);
			defaultConfigurationIsVisible = 0;
			defaultConfigurationName = Release;
		};
/* End XCConfigurationList section */

/* Begin XCRemoteSwiftPackageReference section */
		7D6617CE2BA169A900D9133E /* XCRemoteSwiftPackageReference "firebase-ios-sdk" */ = {
			isa = XCRemoteSwiftPackageReference;
			repositoryURL = "https://github.com/firebase/firebase-ios-sdk";
			requirement = {
				kind = upToNextMajorVersion;
				minimumVersion = 10.22.1;
			};
		};
/* End XCRemoteSwiftPackageReference section */

/* Begin XCSwiftPackageProductDependency section */
		7D6617CF2BA169A900D9133E /* FirebaseAnalytics */ = {
			isa = XCSwiftPackageProductDependency;
			package = 7D6617CE2BA169A900D9133E /* XCRemoteSwiftPackageReference "firebase-ios-sdk" */;
			productName = FirebaseAnalytics;
		};
		7D6617D12BA169A900D9133E /* FirebaseAnalyticsSwift */ = {
			isa = XCSwiftPackageProductDependency;
			package = 7D6617CE2BA169A900D9133E /* XCRemoteSwiftPackageReference "firebase-ios-sdk" */;
			productName = FirebaseAnalyticsSwift;
		};
/* End XCSwiftPackageProductDependency section */
	};
	rootObject = 7D6617B32BA166DE00D9133E /* Project object */;
}
